
Microsoft Visual Studio Solution File, Format Version 12.00
# Visual Studio 15
Project("{FAE04EC0-301F-11D3-BF4B-00C04F79EFBC}") = "Assembly-CSharp", "Assembly-CSharp.csproj", "{220E61D0-76E6-A5B2-EF40-3D2BD3FA2A2E}"
EndProject
Global
	GlobalSection(SolutionConfigurationPlatforms) = preSolution
		Debug|Any CPU = Debug|Any CPU
		Release|Any CPU = Release|Any CPU
	EndGlobalSection
	GlobalSection(ProjectConfigurationPlatforms) = postSolution
		{220E61D0-76E6-A5B2-EF40-3D2BD3FA2A2E}.Debug|Any CPU.ActiveCfg = Debug|Any CPU
		{220E61D0-76E6-A5B2-EF40-3D2BD3FA2A2E}.Debug|Any CPU.Build.0 = Debug|Any CPU
		{220E61D0-76E6-A5B2-EF40-3D2BD3FA2A2E}.Release|Any CPU.ActiveCfg = Release|Any CPU
		{220E61D0-76E6-A5B2-EF40-3D2BD3FA2A2E}.Release|Any CPU.Build.0 = Release|Any CPU
	EndGlobalSection
	GlobalSection(SolutionProperties) = preSolution
		HideSolutionNode = FALSE
	EndGlobalSection
EndGlobal
